// !$*UTF8*$!
{
	archiveVersion = 1;
	classes = {
	};
	objectVersion = 46;
	objects = {

/* Begin PBXBuildFile section */
		0A02838B19F342B70070E374 /* DonationItemsAggregator.swift in Sources */ = {isa = PBXBuildFile; fileRef = 0A02838A19F342B70070E374 /* DonationItemsAggregator.swift */; };
		0A0B08CD19E2283F0059A82C /* AppDelegate.swift in Sources */ = {isa = PBXBuildFile; fileRef = 0A0B08CC19E2283F0059A82C /* AppDelegate.swift */; };
		0A0B08D419E2283F0059A82C /* Images.xcassets in Resources */ = {isa = PBXBuildFile; fileRef = 0A0B08D319E2283F0059A82C /* Images.xcassets */; };
		0A0B08D719E2283F0059A82C /* LaunchScreen.xib in Resources */ = {isa = PBXBuildFile; fileRef = 0A0B08D519E2283F0059A82C /* LaunchScreen.xib */; };
		0A0B08E319E2283F0059A82C /* GoodCityTests.swift in Sources */ = {isa = PBXBuildFile; fileRef = 0A0B08E219E2283F0059A82C /* GoodCityTests.swift */; };
		0A0B08F719E22AC30059A82C /* Int+Extensions.swift in Sources */ = {isa = PBXBuildFile; fileRef = 0A0B08F619E22AC30059A82C /* Int+Extensions.swift */; };
		0A0B08F919E22AD00059A82C /* NSDate+Extensions.swift in Sources */ = {isa = PBXBuildFile; fileRef = 0A0B08F819E22AD00059A82C /* NSDate+Extensions.swift */; };
		0A14FFA819E230E800D11CE2 /* LoginViewController.swift in Sources */ = {isa = PBXBuildFile; fileRef = 0A14FFA619E230E800D11CE2 /* LoginViewController.swift */; };
		0A14FFA919E230E800D11CE2 /* LoginViewController.xib in Resources */ = {isa = PBXBuildFile; fileRef = 0A14FFA719E230E800D11CE2 /* LoginViewController.xib */; };
		0A14FFAB19E2314200D11CE2 /* ParseClient.swift in Sources */ = {isa = PBXBuildFile; fileRef = 0A14FFAA19E2314200D11CE2 /* ParseClient.swift */; };
		0A14FFB319E234DB00D11CE2 /* AVCamViewController.xib in Resources */ = {isa = PBXBuildFile; fileRef = 0A14FFB119E234DB00D11CE2 /* AVCamViewController.xib */; };
		0A14FFBA19E2354000D11CE2 /* SchedulePickupViewController.swift in Sources */ = {isa = PBXBuildFile; fileRef = 0A14FFB819E2354000D11CE2 /* SchedulePickupViewController.swift */; };
		0A14FFBB19E2354000D11CE2 /* SchedulePickupViewController.xib in Resources */ = {isa = PBXBuildFile; fileRef = 0A14FFB919E2354000D11CE2 /* SchedulePickupViewController.xib */; };
		0A14FFBE19E2355F00D11CE2 /* MapViewController.swift in Sources */ = {isa = PBXBuildFile; fileRef = 0A14FFBC19E2355F00D11CE2 /* MapViewController.swift */; };
		0A14FFBF19E2355F00D11CE2 /* MapViewController.xib in Resources */ = {isa = PBXBuildFile; fileRef = 0A14FFBD19E2355F00D11CE2 /* MapViewController.xib */; };
		0A2015C219FA140400A7CB57 /* NotificationCenter.framework in Frameworks */ = {isa = PBXBuildFile; fileRef = 0A2015C119FA140400A7CB57 /* NotificationCenter.framework */; };
		0A2015C719FA140400A7CB57 /* TodayViewController.swift in Sources */ = {isa = PBXBuildFile; fileRef = 0A2015C619FA140400A7CB57 /* TodayViewController.swift */; };
		0A2015C919FA140400A7CB57 /* MainInterface.storyboard in Resources */ = {isa = PBXBuildFile; fileRef = 0A2015C819FA140400A7CB57 /* MainInterface.storyboard */; };
		0A2015CC19FA140400A7CB57 /* GoodCityWidget.appex in Embed App Extensions */ = {isa = PBXBuildFile; fileRef = 0A2015C019FA140400A7CB57 /* GoodCityWidget.appex */; settings = {ATTRIBUTES = (RemoveHeadersOnCopy, ); }; };
		0A22810E19FDE93E008C51FD /* Address.swift in Sources */ = {isa = PBXBuildFile; fileRef = 0A22810D19FDE93E008C51FD /* Address.swift */; };
		0A25CD6519FC9AC800390674 /* GHContextMenuView.m in Sources */ = {isa = PBXBuildFile; fileRef = 0A25CD6419FC9AC800390674 /* GHContextMenuView.m */; };
		0A4EE3421A05EF070059E6F7 /* UberAnnotationView.swift in Sources */ = {isa = PBXBuildFile; fileRef = 0A4EE3411A05EF070059E6F7 /* UberAnnotationView.swift */; };
		0A4EE3441A05F6590059E6F7 /* Double+Extensions.swift in Sources */ = {isa = PBXBuildFile; fileRef = 0A4EE3431A05F6590059E6F7 /* Double+Extensions.swift */; };
		0A4EE3461A060F980059E6F7 /* PubNubClient.swift in Sources */ = {isa = PBXBuildFile; fileRef = 0A4EE3451A060F980059E6F7 /* PubNubClient.swift */; };
		0A4EE3481A061A2A0059E6F7 /* LocationManager.swift in Sources */ = {isa = PBXBuildFile; fileRef = 0A4EE3471A061A2A0059E6F7 /* LocationManager.swift */; };
		0A4EE34C1A0721A30059E6F7 /* MathildeToYahoo.gpx in Resources */ = {isa = PBXBuildFile; fileRef = 0A4EE34A1A0721A20059E6F7 /* MathildeToYahoo.gpx */; };
		0A4EE34D1A0721A30059E6F7 /* MicrosoftToYahoo.gpx in Resources */ = {isa = PBXBuildFile; fileRef = 0A4EE34B1A0721A20059E6F7 /* MicrosoftToYahoo.gpx */; };
		0A4EE3501A0725F40059E6F7 /* UberMapViewController.swift in Sources */ = {isa = PBXBuildFile; fileRef = 0A4EE34E1A0725F40059E6F7 /* UberMapViewController.swift */; };
		0A4EE3511A0725F40059E6F7 /* UberMapViewController.xib in Resources */ = {isa = PBXBuildFile; fileRef = 0A4EE34F1A0725F40059E6F7 /* UberMapViewController.xib */; };
		0A508DB219FC556A00341499 /* Images.xcassets in Resources */ = {isa = PBXBuildFile; fileRef = 0A0B08D319E2283F0059A82C /* Images.xcassets */; };
		0A674E0E19ED0434001A5664 /* AVCamViewController.m in Sources */ = {isa = PBXBuildFile; fileRef = 0A674E0B19ED0434001A5664 /* AVCamViewController.m */; };
		0A674E0F19ED0434001A5664 /* AVCamPreviewView.m in Sources */ = {isa = PBXBuildFile; fileRef = 0A674E0D19ED0434001A5664 /* AVCamPreviewView.m */; };
		0AA72EEA1A0B4DBA00B60612 /* SocialSharing.swift in Sources */ = {isa = PBXBuildFile; fileRef = 0AA72EE91A0B4DBA00B60612 /* SocialSharing.swift */; };
		0AA72EEC1A0B55B500B60612 /* Social.framework in Frameworks */ = {isa = PBXBuildFile; fileRef = 0AA72EEB1A0B55B500B60612 /* Social.framework */; };
		0AB960241A0F6A84003D7334 /* Yahoo.gpx in Resources */ = {isa = PBXBuildFile; fileRef = 0AB960231A0F6A84003D7334 /* Yahoo.gpx */; };
		0AC31AFC19E9EDA300BB815F /* DropoffLocation.swift in Sources */ = {isa = PBXBuildFile; fileRef = 0AC31AFB19E9EDA300BB815F /* DropoffLocation.swift */; };
		0AC31AFE19EA2F6800BB815F /* PickupScheduleSlot.swift in Sources */ = {isa = PBXBuildFile; fileRef = 0AC31AFD19EA2F6800BB815F /* PickupScheduleSlot.swift */; };
		0AC31B0019EA33CB00BB815F /* DonationItem.swift in Sources */ = {isa = PBXBuildFile; fileRef = 0AC31AFF19EA33CB00BB815F /* DonationItem.swift */; };
		0AC31B0219EA3F1F00BB815F /* ItemState.swift in Sources */ = {isa = PBXBuildFile; fileRef = 0AC31B0119EA3F1F00BB815F /* ItemState.swift */; };
		0AC31B0419EA40E700BB815F /* ItemCondition.swift in Sources */ = {isa = PBXBuildFile; fileRef = 0AC31B0319EA40E700BB815F /* ItemCondition.swift */; };
		0AD128B519E92215002E47E5 /* GoodCityUser.swift in Sources */ = {isa = PBXBuildFile; fileRef = 0AD128B419E92215002E47E5 /* GoodCityUser.swift */; };
		0AFB6E2319F2432200E89AFC /* EditItemView.swift in Sources */ = {isa = PBXBuildFile; fileRef = 0AFB6E2219F2432200E89AFC /* EditItemView.swift */; };
		3A050C8B19FB6EEC00981C7D /* ProfileViewController.swift in Sources */ = {isa = PBXBuildFile; fileRef = 3A050C8919FB6EEC00981C7D /* ProfileViewController.swift */; };
		3A050C8C19FB6EEC00981C7D /* ProfileViewController.xib in Resources */ = {isa = PBXBuildFile; fileRef = 3A050C8A19FB6EEC00981C7D /* ProfileViewController.xib */; };
		3A050C8E19FB8C9400981C7D /* ScaleModalAnimator.swift in Sources */ = {isa = PBXBuildFile; fileRef = 3A050C8D19FB8C9400981C7D /* ScaleModalAnimator.swift */; };
		3A0F374C19FDA3A40062E965 /* M13ProgressViewRing.m in Sources */ = {isa = PBXBuildFile; fileRef = 3A0F374B19FDA3A40062E965 /* M13ProgressViewRing.m */; };
		3A0F374F19FDA3F50062E965 /* M13ProgressView.m in Sources */ = {isa = PBXBuildFile; fileRef = 3A0F374E19FDA3F50062E965 /* M13ProgressView.m */; };
		3A0F375119FDE42F0062E965 /* EditAddressView.swift in Sources */ = {isa = PBXBuildFile; fileRef = 3A0F375019FDE42F0062E965 /* EditAddressView.swift */; };
		3A12070F19FF71D700B1AA1E /* M13ProgressView.m in Sources */ = {isa = PBXBuildFile; fileRef = 3A0F374E19FDA3F50062E965 /* M13ProgressView.m */; };
		3A12071019FF71DB00B1AA1E /* M13ProgressViewRing.m in Sources */ = {isa = PBXBuildFile; fileRef = 3A0F374B19FDA3A40062E965 /* M13ProgressViewRing.m */; };
		3A15068D19EB60BA0020DF10 /* ItemsGroupCell.swift in Sources */ = {isa = PBXBuildFile; fileRef = 3A15068B19EB60BA0020DF10 /* ItemsGroupCell.swift */; };
		3A15068E19EB60BA0020DF10 /* ItemsGroupCell.xib in Resources */ = {isa = PBXBuildFile; fileRef = 3A15068C19EB60BA0020DF10 /* ItemsGroupCell.xib */; };
		3A15069019EB71AA0020DF10 /* SectionHeaderView.swift in Sources */ = {isa = PBXBuildFile; fileRef = 3A15068F19EB71AA0020DF10 /* SectionHeaderView.swift */; };
		3A15069219EB81220020DF10 /* UIImageView+Extensions.swift in Sources */ = {isa = PBXBuildFile; fileRef = 3A15069119EB81220020DF10 /* UIImageView+Extensions.swift */; };
		3A15069419EB85D80020DF10 /* RoundedButton.swift in Sources */ = {isa = PBXBuildFile; fileRef = 3A15069319EB85D80020DF10 /* RoundedButton.swift */; };
		3A15069619EB86B00020DF10 /* Constants.swift in Sources */ = {isa = PBXBuildFile; fileRef = 3A15069519EB86B00020DF10 /* Constants.swift */; };
		3A1506A019EBABCA0020DF10 /* MapKit.framework in Frameworks */ = {isa = PBXBuildFile; fileRef = 3A15069F19EBABCA0020DF10 /* MapKit.framework */; };
		3A1506A219EBAC910020DF10 /* DropoffAnnotation.swift in Sources */ = {isa = PBXBuildFile; fileRef = 3A1506A119EBAC910020DF10 /* DropoffAnnotation.swift */; };
		3A1506A419EBB1940020DF10 /* CoreLocation.framework in Frameworks */ = {isa = PBXBuildFile; fileRef = 3A1506A319EBB1940020DF10 /* CoreLocation.framework */; };
		3A62769A19FF7E2400D3F244 /* Constants.swift in Sources */ = {isa = PBXBuildFile; fileRef = 3A15069519EB86B00020DF10 /* Constants.swift */; };
		3A62769B1A00C81400D3F244 /* RoundedButton.swift in Sources */ = {isa = PBXBuildFile; fileRef = 3A15069319EB85D80020DF10 /* RoundedButton.swift */; };
		3A661F6619F769B800DEB7C1 /* MMPopLabel.m in Sources */ = {isa = PBXBuildFile; fileRef = 3A661F6119F769B800DEB7C1 /* MMPopLabel.m */; };
		3A661F6719F769B800DEB7C1 /* MMLabel.m in Sources */ = {isa = PBXBuildFile; fileRef = 3A661F6219F769B800DEB7C1 /* MMLabel.m */; };
		3A687C7419E9104F005351B0 /* CartItemCell.swift in Sources */ = {isa = PBXBuildFile; fileRef = 3A687C7219E9104F005351B0 /* CartItemCell.swift */; };
		3A76A00E19F4D05F0036A0EC /* DatePickerButton.swift in Sources */ = {isa = PBXBuildFile; fileRef = 3A76A00D19F4D05F0036A0EC /* DatePickerButton.swift */; };
		3A76A01019F4ECB90036A0EC /* SelectableButton.swift in Sources */ = {isa = PBXBuildFile; fileRef = 3A76A00F19F4ECB90036A0EC /* SelectableButton.swift */; };
		3A81925319F59AB5001F2EB5 /* SlotPickerView.swift in Sources */ = {isa = PBXBuildFile; fileRef = 3A81925219F59AB5001F2EB5 /* SlotPickerView.swift */; };
		3A82271B19F2485900007C6C /* EditItemView.xib in Resources */ = {isa = PBXBuildFile; fileRef = 3A82271A19F2485900007C6C /* EditItemView.xib */; };
		3A8D35FF19F3683400CE3B73 /* CartItemCell.xib in Resources */ = {isa = PBXBuildFile; fileRef = 3A8D35FE19F3683400CE3B73 /* CartItemCell.xib */; };
		3A9086351A05EE4D003DE201 /* ReviewItemsViewController.swift in Sources */ = {isa = PBXBuildFile; fileRef = 3A9086331A05EE4D003DE201 /* ReviewItemsViewController.swift */; };
		3A9086361A05EE4D003DE201 /* ReviewItemsViewController.xib in Resources */ = {isa = PBXBuildFile; fileRef = 3A9086341A05EE4D003DE201 /* ReviewItemsViewController.xib */; };
		3A93C0E719F77FB400EAF2D7 /* QuartzCore.framework in Frameworks */ = {isa = PBXBuildFile; fileRef = 3A93C0E619F77FB400EAF2D7 /* QuartzCore.framework */; };
		3A93C0E919F7842E00EAF2D7 /* YASegmentedControl.swift in Sources */ = {isa = PBXBuildFile; fileRef = 3A93C0E819F7842E00EAF2D7 /* YASegmentedControl.swift */; };
		3A9D64FA19F21320008A64F2 /* UIViewController+Extensions.swift in Sources */ = {isa = PBXBuildFile; fileRef = 3A9D64F919F21320008A64F2 /* UIViewController+Extensions.swift */; };
		3AB3A5C61A0B53CD00B8E0BD /* EventManager.swift in Sources */ = {isa = PBXBuildFile; fileRef = 3AB3A5C51A0B53CD00B8E0BD /* EventManager.swift */; };
		3AB3A5CA1A0F258F00B8E0BD /* PickupAnnotation.swift in Sources */ = {isa = PBXBuildFile; fileRef = 3AB3A5C91A0F258F00B8E0BD /* PickupAnnotation.swift */; };
		3ABF2C9219ECF508005EF442 /* ActionButtonsView.swift in Sources */ = {isa = PBXBuildFile; fileRef = 3ABF2C9119ECF508005EF442 /* ActionButtonsView.swift */; };
		3AC6CD6E1A05EA5B00B3EC00 /* DraggableItemImageView.swift in Sources */ = {isa = PBXBuildFile; fileRef = 3AC6CD6D1A05EA5B00B3EC00 /* DraggableItemImageView.swift */; };
		3AE42EE519E8F98500D7A6F5 /* ContainerViewController.swift in Sources */ = {isa = PBXBuildFile; fileRef = 3AE42EE319E8F98500D7A6F5 /* ContainerViewController.swift */; };
		3AE42EE619E8F98500D7A6F5 /* ContainerViewController.xib in Resources */ = {isa = PBXBuildFile; fileRef = 3AE42EE419E8F98500D7A6F5 /* ContainerViewController.xib */; };
		3AE42EE919E8FB8300D7A6F5 /* CartViewController.swift in Sources */ = {isa = PBXBuildFile; fileRef = 3AE42EE719E8FB8300D7A6F5 /* CartViewController.swift */; };
		3AE42EEA19E8FB8300D7A6F5 /* CartViewController.xib in Resources */ = {isa = PBXBuildFile; fileRef = 3AE42EE819E8FB8300D7A6F5 /* CartViewController.xib */; };
		3AE42EED19E8FBA400D7A6F5 /* HistoryViewController.swift in Sources */ = {isa = PBXBuildFile; fileRef = 3AE42EEB19E8FBA400D7A6F5 /* HistoryViewController.swift */; };
		3AE42EEE19E8FBA400D7A6F5 /* HistoryViewController.xib in Resources */ = {isa = PBXBuildFile; fileRef = 3AE42EEC19E8FBA400D7A6F5 /* HistoryViewController.xib */; };
		3AE568911A0B4DFC0037149D /* EventKit.framework in Frameworks */ = {isa = PBXBuildFile; fileRef = 3AE568901A0B4DFC0037149D /* EventKit.framework */; };
		F0A127534C434217A3BD30C5 /* libPods.a in Frameworks */ = {isa = PBXBuildFile; fileRef = C88CD10F2CA444FF9DAA3D07 /* libPods.a */; };
/* End PBXBuildFile section */

/* Begin PBXContainerItemProxy section */
		0A0B08DD19E2283F0059A82C /* PBXContainerItemProxy */ = {
			isa = PBXContainerItemProxy;
			containerPortal = 0A0B08BF19E2283F0059A82C /* Project object */;
			proxyType = 1;
			remoteGlobalIDString = 0A0B08C619E2283F0059A82C;
			remoteInfo = GoodCity;
		};
		0A2015CA19FA140400A7CB57 /* PBXContainerItemProxy */ = {
			isa = PBXContainerItemProxy;
			containerPortal = 0A0B08BF19E2283F0059A82C /* Project object */;
			proxyType = 1;
			remoteGlobalIDString = 0A2015BF19FA140400A7CB57;
			remoteInfo = GoodCityWidget;
		};
/* End PBXContainerItemProxy section */

/* Begin PBXCopyFilesBuildPhase section */
		0A2015D019FA140400A7CB57 /* Embed App Extensions */ = {
			isa = PBXCopyFilesBuildPhase;
			buildActionMask = 2147483647;
			dstPath = "";
			dstSubfolderSpec = 13;
			files = (
				0A2015CC19FA140400A7CB57 /* GoodCityWidget.appex in Embed App Extensions */,
			);
			name = "Embed App Extensions";
			runOnlyForDeploymentPostprocessing = 0;
		};
/* End PBXCopyFilesBuildPhase section */

/* Begin PBXFileReference section */
		0A02838A19F342B70070E374 /* DonationItemsAggregator.swift */ = {isa = PBXFileReference; fileEncoding = 4; lastKnownFileType = sourcecode.swift; path = DonationItemsAggregator.swift; sourceTree = "<group>"; };
		0A0B08C719E2283F0059A82C /* GoodCity.app */ = {isa = PBXFileReference; explicitFileType = wrapper.application; includeInIndex = 0; path = GoodCity.app; sourceTree = BUILT_PRODUCTS_DIR; };
		0A0B08CB19E2283F0059A82C /* Info.plist */ = {isa = PBXFileReference; lastKnownFileType = text.plist.xml; path = Info.plist; sourceTree = "<group>"; };
		0A0B08CC19E2283F0059A82C /* AppDelegate.swift */ = {isa = PBXFileReference; lastKnownFileType = sourcecode.swift; path = AppDelegate.swift; sourceTree = "<group>"; };
		0A0B08D319E2283F0059A82C /* Images.xcassets */ = {isa = PBXFileReference; lastKnownFileType = folder.assetcatalog; path = Images.xcassets; sourceTree = "<group>"; };
		0A0B08D619E2283F0059A82C /* Base */ = {isa = PBXFileReference; lastKnownFileType = file.xib; name = Base; path = Base.lproj/LaunchScreen.xib; sourceTree = "<group>"; };
		0A0B08DC19E2283F0059A82C /* GoodCityTests.xctest */ = {isa = PBXFileReference; explicitFileType = wrapper.cfbundle; includeInIndex = 0; path = GoodCityTests.xctest; sourceTree = BUILT_PRODUCTS_DIR; };
		0A0B08E119E2283F0059A82C /* Info.plist */ = {isa = PBXFileReference; lastKnownFileType = text.plist.xml; path = Info.plist; sourceTree = "<group>"; };
		0A0B08E219E2283F0059A82C /* GoodCityTests.swift */ = {isa = PBXFileReference; lastKnownFileType = sourcecode.swift; path = GoodCityTests.swift; sourceTree = "<group>"; };
		0A0B08EC19E2289B0059A82C /* GoodCity-Bridging-Header.h */ = {isa = PBXFileReference; lastKnownFileType = sourcecode.c.h; path = "GoodCity-Bridging-Header.h"; sourceTree = "<group>"; };
		0A0B08F619E22AC30059A82C /* Int+Extensions.swift */ = {isa = PBXFileReference; fileEncoding = 4; lastKnownFileType = sourcecode.swift; path = "Int+Extensions.swift"; sourceTree = "<group>"; };
		0A0B08F819E22AD00059A82C /* NSDate+Extensions.swift */ = {isa = PBXFileReference; fileEncoding = 4; lastKnownFileType = sourcecode.swift; path = "NSDate+Extensions.swift"; sourceTree = "<group>"; };
		0A14FFA619E230E800D11CE2 /* LoginViewController.swift */ = {isa = PBXFileReference; fileEncoding = 4; lastKnownFileType = sourcecode.swift; path = LoginViewController.swift; sourceTree = "<group>"; };
		0A14FFA719E230E800D11CE2 /* LoginViewController.xib */ = {isa = PBXFileReference; fileEncoding = 4; lastKnownFileType = file.xib; path = LoginViewController.xib; sourceTree = "<group>"; };
		0A14FFAA19E2314200D11CE2 /* ParseClient.swift */ = {isa = PBXFileReference; fileEncoding = 4; lastKnownFileType = sourcecode.swift; path = ParseClient.swift; sourceTree = "<group>"; };
		0A14FFB119E234DB00D11CE2 /* AVCamViewController.xib */ = {isa = PBXFileReference; fileEncoding = 4; lastKnownFileType = file.xib; path = AVCamViewController.xib; sourceTree = "<group>"; };
		0A14FFB819E2354000D11CE2 /* SchedulePickupViewController.swift */ = {isa = PBXFileReference; fileEncoding = 4; lastKnownFileType = sourcecode.swift; path = SchedulePickupViewController.swift; sourceTree = "<group>"; };
		0A14FFB919E2354000D11CE2 /* SchedulePickupViewController.xib */ = {isa = PBXFileReference; fileEncoding = 4; lastKnownFileType = file.xib; path = SchedulePickupViewController.xib; sourceTree = "<group>"; };
		0A14FFBC19E2355F00D11CE2 /* MapViewController.swift */ = {isa = PBXFileReference; fileEncoding = 4; lastKnownFileType = sourcecode.swift; path = MapViewController.swift; sourceTree = "<group>"; };
		0A14FFBD19E2355F00D11CE2 /* MapViewController.xib */ = {isa = PBXFileReference; fileEncoding = 4; lastKnownFileType = file.xib; path = MapViewController.xib; sourceTree = "<group>"; };
		0A2015C019FA140400A7CB57 /* GoodCityWidget.appex */ = {isa = PBXFileReference; explicitFileType = "wrapper.app-extension"; includeInIndex = 0; path = GoodCityWidget.appex; sourceTree = BUILT_PRODUCTS_DIR; };
		0A2015C119FA140400A7CB57 /* NotificationCenter.framework */ = {isa = PBXFileReference; lastKnownFileType = wrapper.framework; name = NotificationCenter.framework; path = System/Library/Frameworks/NotificationCenter.framework; sourceTree = SDKROOT; };
		0A2015C519FA140400A7CB57 /* Info.plist */ = {isa = PBXFileReference; lastKnownFileType = text.plist.xml; path = Info.plist; sourceTree = "<group>"; };
		0A2015C619FA140400A7CB57 /* TodayViewController.swift */ = {isa = PBXFileReference; lastKnownFileType = sourcecode.swift; path = TodayViewController.swift; sourceTree = "<group>"; };
		0A2015C819FA140400A7CB57 /* MainInterface.storyboard */ = {isa = PBXFileReference; lastKnownFileType = file.storyboard; path = MainInterface.storyboard; sourceTree = "<group>"; };
		0A2015D119FA27BC00A7CB57 /* GoodCity.entitlements */ = {isa = PBXFileReference; lastKnownFileType = text.xml; path = GoodCity.entitlements; sourceTree = "<group>"; };
		0A2015D219FA27EB00A7CB57 /* GoodCityWidget.entitlements */ = {isa = PBXFileReference; lastKnownFileType = text.xml; path = GoodCityWidget.entitlements; sourceTree = "<group>"; };
		0A22810D19FDE93E008C51FD /* Address.swift */ = {isa = PBXFileReference; fileEncoding = 4; lastKnownFileType = sourcecode.swift; path = Address.swift; sourceTree = "<group>"; };
		0A25CD6319FC9AC800390674 /* GHContextMenuView.h */ = {isa = PBXFileReference; fileEncoding = 4; lastKnownFileType = sourcecode.c.h; path = GHContextMenuView.h; sourceTree = "<group>"; };
		0A25CD6419FC9AC800390674 /* GHContextMenuView.m */ = {isa = PBXFileReference; fileEncoding = 4; lastKnownFileType = sourcecode.c.objc; path = GHContextMenuView.m; sourceTree = "<group>"; };
		0A4EE3411A05EF070059E6F7 /* UberAnnotationView.swift */ = {isa = PBXFileReference; fileEncoding = 4; lastKnownFileType = sourcecode.swift; path = UberAnnotationView.swift; sourceTree = "<group>"; };
		0A4EE3431A05F6590059E6F7 /* Double+Extensions.swift */ = {isa = PBXFileReference; fileEncoding = 4; lastKnownFileType = sourcecode.swift; path = "Double+Extensions.swift"; sourceTree = "<group>"; };
		0A4EE3451A060F980059E6F7 /* PubNubClient.swift */ = {isa = PBXFileReference; fileEncoding = 4; lastKnownFileType = sourcecode.swift; path = PubNubClient.swift; sourceTree = "<group>"; };
		0A4EE3471A061A2A0059E6F7 /* LocationManager.swift */ = {isa = PBXFileReference; fileEncoding = 4; lastKnownFileType = sourcecode.swift; path = LocationManager.swift; sourceTree = "<group>"; };
		0A4EE34A1A0721A20059E6F7 /* MathildeToYahoo.gpx */ = {isa = PBXFileReference; fileEncoding = 4; lastKnownFileType = text.xml; path = MathildeToYahoo.gpx; sourceTree = "<group>"; };
		0A4EE34B1A0721A20059E6F7 /* MicrosoftToYahoo.gpx */ = {isa = PBXFileReference; fileEncoding = 4; lastKnownFileType = text.xml; path = MicrosoftToYahoo.gpx; sourceTree = "<group>"; };
		0A4EE34E1A0725F40059E6F7 /* UberMapViewController.swift */ = {isa = PBXFileReference; fileEncoding = 4; lastKnownFileType = sourcecode.swift; path = UberMapViewController.swift; sourceTree = "<group>"; };
		0A4EE34F1A0725F40059E6F7 /* UberMapViewController.xib */ = {isa = PBXFileReference; fileEncoding = 4; lastKnownFileType = file.xib; path = UberMapViewController.xib; sourceTree = "<group>"; };
		0A674E0A19ED0434001A5664 /* AVCamViewController.h */ = {isa = PBXFileReference; fileEncoding = 4; lastKnownFileType = sourcecode.c.h; path = AVCamViewController.h; sourceTree = "<group>"; };
		0A674E0B19ED0434001A5664 /* AVCamViewController.m */ = {isa = PBXFileReference; fileEncoding = 4; lastKnownFileType = sourcecode.c.objc; path = AVCamViewController.m; sourceTree = "<group>"; };
		0A674E0C19ED0434001A5664 /* AVCamPreviewView.h */ = {isa = PBXFileReference; fileEncoding = 4; lastKnownFileType = sourcecode.c.h; path = AVCamPreviewView.h; sourceTree = "<group>"; };
		0A674E0D19ED0434001A5664 /* AVCamPreviewView.m */ = {isa = PBXFileReference; fileEncoding = 4; lastKnownFileType = sourcecode.c.objc; path = AVCamPreviewView.m; sourceTree = "<group>"; };
		0AA72EE91A0B4DBA00B60612 /* SocialSharing.swift */ = {isa = PBXFileReference; fileEncoding = 4; lastKnownFileType = sourcecode.swift; path = SocialSharing.swift; sourceTree = "<group>"; };
		0AA72EEB1A0B55B500B60612 /* Social.framework */ = {isa = PBXFileReference; lastKnownFileType = wrapper.framework; name = Social.framework; path = System/Library/Frameworks/Social.framework; sourceTree = SDKROOT; };
		0AB960231A0F6A84003D7334 /* Yahoo.gpx */ = {isa = PBXFileReference; fileEncoding = 4; lastKnownFileType = text; path = Yahoo.gpx; sourceTree = "<group>"; };
		0AC31AFB19E9EDA300BB815F /* DropoffLocation.swift */ = {isa = PBXFileReference; fileEncoding = 4; lastKnownFileType = sourcecode.swift; path = DropoffLocation.swift; sourceTree = "<group>"; };
		0AC31AFD19EA2F6800BB815F /* PickupScheduleSlot.swift */ = {isa = PBXFileReference; fileEncoding = 4; lastKnownFileType = sourcecode.swift; path = PickupScheduleSlot.swift; sourceTree = "<group>"; };
		0AC31AFF19EA33CB00BB815F /* DonationItem.swift */ = {isa = PBXFileReference; fileEncoding = 4; lastKnownFileType = sourcecode.swift; path = DonationItem.swift; sourceTree = "<group>"; };
		0AC31B0119EA3F1F00BB815F /* ItemState.swift */ = {isa = PBXFileReference; fileEncoding = 4; lastKnownFileType = sourcecode.swift; path = ItemState.swift; sourceTree = "<group>"; };
		0AC31B0319EA40E700BB815F /* ItemCondition.swift */ = {isa = PBXFileReference; fileEncoding = 4; lastKnownFileType = sourcecode.swift; path = ItemCondition.swift; sourceTree = "<group>"; };
		0AD128B419E92215002E47E5 /* GoodCityUser.swift */ = {isa = PBXFileReference; fileEncoding = 4; lastKnownFileType = sourcecode.swift; path = GoodCityUser.swift; sourceTree = "<group>"; };
		0AFB6E2219F2432200E89AFC /* EditItemView.swift */ = {isa = PBXFileReference; fileEncoding = 4; lastKnownFileType = sourcecode.swift; path = EditItemView.swift; sourceTree = "<group>"; };
		3A050C8919FB6EEC00981C7D /* ProfileViewController.swift */ = {isa = PBXFileReference; fileEncoding = 4; lastKnownFileType = sourcecode.swift; path = ProfileViewController.swift; sourceTree = "<group>"; };
		3A050C8A19FB6EEC00981C7D /* ProfileViewController.xib */ = {isa = PBXFileReference; fileEncoding = 4; lastKnownFileType = file.xib; path = ProfileViewController.xib; sourceTree = "<group>"; };
		3A050C8D19FB8C9400981C7D /* ScaleModalAnimator.swift */ = {isa = PBXFileReference; fileEncoding = 4; lastKnownFileType = sourcecode.swift; path = ScaleModalAnimator.swift; sourceTree = "<group>"; };
		3A0F374A19FDA3A40062E965 /* M13ProgressViewRing.h */ = {isa = PBXFileReference; fileEncoding = 4; lastKnownFileType = sourcecode.c.h; path = M13ProgressViewRing.h; sourceTree = "<group>"; };
		3A0F374B19FDA3A40062E965 /* M13ProgressViewRing.m */ = {isa = PBXFileReference; fileEncoding = 4; lastKnownFileType = sourcecode.c.objc; path = M13ProgressViewRing.m; sourceTree = "<group>"; };
		3A0F374D19FDA3F50062E965 /* M13ProgressView.h */ = {isa = PBXFileReference; fileEncoding = 4; lastKnownFileType = sourcecode.c.h; path = M13ProgressView.h; sourceTree = "<group>"; };
		3A0F374E19FDA3F50062E965 /* M13ProgressView.m */ = {isa = PBXFileReference; fileEncoding = 4; lastKnownFileType = sourcecode.c.objc; path = M13ProgressView.m; sourceTree = "<group>"; };
		3A0F375019FDE42F0062E965 /* EditAddressView.swift */ = {isa = PBXFileReference; fileEncoding = 4; lastKnownFileType = sourcecode.swift; path = EditAddressView.swift; sourceTree = "<group>"; };
		3A15068B19EB60BA0020DF10 /* ItemsGroupCell.swift */ = {isa = PBXFileReference; fileEncoding = 4; lastKnownFileType = sourcecode.swift; path = ItemsGroupCell.swift; sourceTree = "<group>"; };
		3A15068C19EB60BA0020DF10 /* ItemsGroupCell.xib */ = {isa = PBXFileReference; fileEncoding = 4; lastKnownFileType = file.xib; path = ItemsGroupCell.xib; sourceTree = "<group>"; };
		3A15068F19EB71AA0020DF10 /* SectionHeaderView.swift */ = {isa = PBXFileReference; fileEncoding = 4; lastKnownFileType = sourcecode.swift; path = SectionHeaderView.swift; sourceTree = "<group>"; };
		3A15069119EB81220020DF10 /* UIImageView+Extensions.swift */ = {isa = PBXFileReference; fileEncoding = 4; lastKnownFileType = sourcecode.swift; path = "UIImageView+Extensions.swift"; sourceTree = "<group>"; };
		3A15069319EB85D80020DF10 /* RoundedButton.swift */ = {isa = PBXFileReference; fileEncoding = 4; lastKnownFileType = sourcecode.swift; path = RoundedButton.swift; sourceTree = "<group>"; };
		3A15069519EB86B00020DF10 /* Constants.swift */ = {isa = PBXFileReference; fileEncoding = 4; lastKnownFileType = sourcecode.swift; path = Constants.swift; sourceTree = "<group>"; };
		3A15069F19EBABCA0020DF10 /* MapKit.framework */ = {isa = PBXFileReference; lastKnownFileType = wrapper.framework; name = MapKit.framework; path = System/Library/Frameworks/MapKit.framework; sourceTree = SDKROOT; };
		3A1506A119EBAC910020DF10 /* DropoffAnnotation.swift */ = {isa = PBXFileReference; fileEncoding = 4; lastKnownFileType = sourcecode.swift; path = DropoffAnnotation.swift; sourceTree = "<group>"; };
		3A1506A319EBB1940020DF10 /* CoreLocation.framework */ = {isa = PBXFileReference; lastKnownFileType = wrapper.framework; name = CoreLocation.framework; path = System/Library/Frameworks/CoreLocation.framework; sourceTree = SDKROOT; };
		3A661F6119F769B800DEB7C1 /* MMPopLabel.m */ = {isa = PBXFileReference; fileEncoding = 4; lastKnownFileType = sourcecode.c.objc; name = MMPopLabel.m; path = MMPopLabel/Classes/ios/MMPopLabel.m; sourceTree = "<group>"; };
		3A661F6219F769B800DEB7C1 /* MMLabel.m */ = {isa = PBXFileReference; fileEncoding = 4; lastKnownFileType = sourcecode.c.objc; name = MMLabel.m; path = MMPopLabel/Classes/ios/MMLabel.m; sourceTree = "<group>"; };
		3A661F6319F769B800DEB7C1 /* MMLabel.h */ = {isa = PBXFileReference; fileEncoding = 4; lastKnownFileType = sourcecode.c.h; name = MMLabel.h; path = MMPopLabel/Classes/ios/MMLabel.h; sourceTree = "<group>"; };
		3A661F6419F769B800DEB7C1 /* MMPopLabel.h */ = {isa = PBXFileReference; fileEncoding = 4; lastKnownFileType = sourcecode.c.h; name = MMPopLabel.h; path = MMPopLabel/Classes/ios/MMPopLabel.h; sourceTree = "<group>"; };
		3A661F6519F769B800DEB7C1 /* MMPopLabelDelegate.h */ = {isa = PBXFileReference; fileEncoding = 4; lastKnownFileType = sourcecode.c.h; name = MMPopLabelDelegate.h; path = MMPopLabel/Classes/ios/MMPopLabelDelegate.h; sourceTree = "<group>"; };
		3A687C7219E9104F005351B0 /* CartItemCell.swift */ = {isa = PBXFileReference; fileEncoding = 4; lastKnownFileType = sourcecode.swift; path = CartItemCell.swift; sourceTree = "<group>"; };
		3A76A00D19F4D05F0036A0EC /* DatePickerButton.swift */ = {isa = PBXFileReference; fileEncoding = 4; lastKnownFileType = sourcecode.swift; path = DatePickerButton.swift; sourceTree = "<group>"; };
		3A76A00F19F4ECB90036A0EC /* SelectableButton.swift */ = {isa = PBXFileReference; fileEncoding = 4; lastKnownFileType = sourcecode.swift; path = SelectableButton.swift; sourceTree = "<group>"; };
		3A81925219F59AB5001F2EB5 /* SlotPickerView.swift */ = {isa = PBXFileReference; fileEncoding = 4; lastKnownFileType = sourcecode.swift; path = SlotPickerView.swift; sourceTree = "<group>"; };
		3A82271A19F2485900007C6C /* EditItemView.xib */ = {isa = PBXFileReference; fileEncoding = 4; lastKnownFileType = file.xib; path = EditItemView.xib; sourceTree = "<group>"; };
		3A8D35F519F3587700CE3B73 /* CartViewDelegate.h */ = {isa = PBXFileReference; lastKnownFileType = sourcecode.c.h; path = CartViewDelegate.h; sourceTree = "<group>"; };
		3A8D35FE19F3683400CE3B73 /* CartItemCell.xib */ = {isa = PBXFileReference; fileEncoding = 4; lastKnownFileType = file.xib; path = CartItemCell.xib; sourceTree = "<group>"; };
		3A9086331A05EE4D003DE201 /* ReviewItemsViewController.swift */ = {isa = PBXFileReference; fileEncoding = 4; lastKnownFileType = sourcecode.swift; path = ReviewItemsViewController.swift; sourceTree = "<group>"; };
		3A9086341A05EE4D003DE201 /* ReviewItemsViewController.xib */ = {isa = PBXFileReference; fileEncoding = 4; lastKnownFileType = file.xib; path = ReviewItemsViewController.xib; sourceTree = "<group>"; };
		3A93C0E619F77FB400EAF2D7 /* QuartzCore.framework */ = {isa = PBXFileReference; lastKnownFileType = wrapper.framework; name = QuartzCore.framework; path = System/Library/Frameworks/QuartzCore.framework; sourceTree = SDKROOT; };
		3A93C0E819F7842E00EAF2D7 /* YASegmentedControl.swift */ = {isa = PBXFileReference; fileEncoding = 4; lastKnownFileType = sourcecode.swift; path = YASegmentedControl.swift; sourceTree = "<group>"; };
		3A9D64F919F21320008A64F2 /* UIViewController+Extensions.swift */ = {isa = PBXFileReference; fileEncoding = 4; lastKnownFileType = sourcecode.swift; path = "UIViewController+Extensions.swift"; sourceTree = "<group>"; };
		3AB3A5C51A0B53CD00B8E0BD /* EventManager.swift */ = {isa = PBXFileReference; fileEncoding = 4; lastKnownFileType = sourcecode.swift; path = EventManager.swift; sourceTree = "<group>"; };
		3AB3A5C91A0F258F00B8E0BD /* PickupAnnotation.swift */ = {isa = PBXFileReference; fileEncoding = 4; lastKnownFileType = sourcecode.swift; path = PickupAnnotation.swift; sourceTree = "<group>"; };
		3ABF2C9119ECF508005EF442 /* ActionButtonsView.swift */ = {isa = PBXFileReference; fileEncoding = 4; lastKnownFileType = sourcecode.swift; path = ActionButtonsView.swift; sourceTree = "<group>"; };
		3AC6CD6D1A05EA5B00B3EC00 /* DraggableItemImageView.swift */ = {isa = PBXFileReference; fileEncoding = 4; lastKnownFileType = sourcecode.swift; path = DraggableItemImageView.swift; sourceTree = "<group>"; };
		3AE42EE319E8F98500D7A6F5 /* ContainerViewController.swift */ = {isa = PBXFileReference; fileEncoding = 4; lastKnownFileType = sourcecode.swift; path = ContainerViewController.swift; sourceTree = "<group>"; };
		3AE42EE419E8F98500D7A6F5 /* ContainerViewController.xib */ = {isa = PBXFileReference; fileEncoding = 4; lastKnownFileType = file.xib; path = ContainerViewController.xib; sourceTree = "<group>"; };
		3AE42EE719E8FB8300D7A6F5 /* CartViewController.swift */ = {isa = PBXFileReference; fileEncoding = 4; lastKnownFileType = sourcecode.swift; path = CartViewController.swift; sourceTree = "<group>"; };
		3AE42EE819E8FB8300D7A6F5 /* CartViewController.xib */ = {isa = PBXFileReference; fileEncoding = 4; lastKnownFileType = file.xib; path = CartViewController.xib; sourceTree = "<group>"; };
		3AE42EEB19E8FBA400D7A6F5 /* HistoryViewController.swift */ = {isa = PBXFileReference; fileEncoding = 4; lastKnownFileType = sourcecode.swift; path = HistoryViewController.swift; sourceTree = "<group>"; };
		3AE42EEC19E8FBA400D7A6F5 /* HistoryViewController.xib */ = {isa = PBXFileReference; fileEncoding = 4; lastKnownFileType = file.xib; path = HistoryViewController.xib; sourceTree = "<group>"; };
		3AE568901A0B4DFC0037149D /* EventKit.framework */ = {isa = PBXFileReference; lastKnownFileType = wrapper.framework; name = EventKit.framework; path = System/Library/Frameworks/EventKit.framework; sourceTree = SDKROOT; };
		75FCECAE3B3976641AA35271 /* Pods.debug.xcconfig */ = {isa = PBXFileReference; includeInIndex = 1; lastKnownFileType = text.xcconfig; name = Pods.debug.xcconfig; path = "Pods/Target Support Files/Pods/Pods.debug.xcconfig"; sourceTree = "<group>"; };
		AE0B27FD39151ABE14D2A503 /* Pods.release.xcconfig */ = {isa = PBXFileReference; includeInIndex = 1; lastKnownFileType = text.xcconfig; name = Pods.release.xcconfig; path = "Pods/Target Support Files/Pods/Pods.release.xcconfig"; sourceTree = "<group>"; };
		C88CD10F2CA444FF9DAA3D07 /* libPods.a */ = {isa = PBXFileReference; explicitFileType = archive.ar; includeInIndex = 0; path = libPods.a; sourceTree = BUILT_PRODUCTS_DIR; };
/* End PBXFileReference section */

/* Begin PBXFrameworksBuildPhase section */
		0A0B08C419E2283F0059A82C /* Frameworks */ = {
			isa = PBXFrameworksBuildPhase;
			buildActionMask = 2147483647;
			files = (
				3AE568911A0B4DFC0037149D /* EventKit.framework in Frameworks */,
				0AA72EEC1A0B55B500B60612 /* Social.framework in Frameworks */,
				3A93C0E719F77FB400EAF2D7 /* QuartzCore.framework in Frameworks */,
				3A1506A419EBB1940020DF10 /* CoreLocation.framework in Frameworks */,
				3A1506A019EBABCA0020DF10 /* MapKit.framework in Frameworks */,
				F0A127534C434217A3BD30C5 /* libPods.a in Frameworks */,
			);
			runOnlyForDeploymentPostprocessing = 0;
		};
		0A0B08D919E2283F0059A82C /* Frameworks */ = {
			isa = PBXFrameworksBuildPhase;
			buildActionMask = 2147483647;
			files = (
			);
			runOnlyForDeploymentPostprocessing = 0;
		};
		0A2015BD19FA140400A7CB57 /* Frameworks */ = {
			isa = PBXFrameworksBuildPhase;
			buildActionMask = 2147483647;
			files = (
				0A2015C219FA140400A7CB57 /* NotificationCenter.framework in Frameworks */,
			);
			runOnlyForDeploymentPostprocessing = 0;
		};
/* End PBXFrameworksBuildPhase section */

/* Begin PBXGroup section */
		0A0B08BE19E2283F0059A82C = {
			isa = PBXGroup;
			children = (
				0A0B08C919E2283F0059A82C /* GoodCity */,
				0A0B08DF19E2283F0059A82C /* GoodCityTests */,
				0A2015C319FA140400A7CB57 /* GoodCityWidget */,
				0A0B08C819E2283F0059A82C /* Products */,
				9949D72350174EE69E60CF63 /* Frameworks */,
				394B7266BE82DCA2C64EA8D9 /* Pods */,
			);
			sourceTree = "<group>";
		};
		0A0B08C819E2283F0059A82C /* Products */ = {
			isa = PBXGroup;
			children = (
				0A0B08C719E2283F0059A82C /* GoodCity.app */,
				0A0B08DC19E2283F0059A82C /* GoodCityTests.xctest */,
				0A2015C019FA140400A7CB57 /* GoodCityWidget.appex */,
			);
			name = Products;
			sourceTree = "<group>";
		};
		0A0B08C919E2283F0059A82C /* GoodCity */ = {
			isa = PBXGroup;
			children = (
				0AA72EE81A0B4DAD00B60612 /* Sharing */,
				0A4EE3491A0721910059E6F7 /* GPX */,
				0A2015D119FA27BC00A7CB57 /* GoodCity.entitlements */,
				3AC6CD681A05E5EF00B3EC00 /* Reviewer */,
				0A0B08F419E22A0F0059A82C /* Core */,
				0A0B08F319E229C10059A82C /* Controllers */,
				0A0B08F519E22A3A0059A82C /* Extensions */,
				0A0B08F119E229B60059A82C /* Models */,
				0A0B08F019E229AF0059A82C /* Networking */,
				0A0B08F219E229BC0059A82C /* Views */,
				3A661F6019F768F900DEB7C1 /* Library */,
				0A0B08EC19E2289B0059A82C /* GoodCity-Bridging-Header.h */,
				0A0B08D319E2283F0059A82C /* Images.xcassets */,
				0A0B08D519E2283F0059A82C /* LaunchScreen.xib */,
				0A0B08CA19E2283F0059A82C /* Supporting Files */,
			);
			path = GoodCity;
			sourceTree = "<group>";
		};
		0A0B08CA19E2283F0059A82C /* Supporting Files */ = {
			isa = PBXGroup;
			children = (
				0A0B08CB19E2283F0059A82C /* Info.plist */,
			);
			name = "Supporting Files";
			sourceTree = "<group>";
		};
		0A0B08DF19E2283F0059A82C /* GoodCityTests */ = {
			isa = PBXGroup;
			children = (
				0A0B08E219E2283F0059A82C /* GoodCityTests.swift */,
				0A0B08E019E2283F0059A82C /* Supporting Files */,
			);
			path = GoodCityTests;
			sourceTree = "<group>";
		};
		0A0B08E019E2283F0059A82C /* Supporting Files */ = {
			isa = PBXGroup;
			children = (
				0A0B08E119E2283F0059A82C /* Info.plist */,
			);
			name = "Supporting Files";
			sourceTree = "<group>";
		};
		0A0B08F019E229AF0059A82C /* Networking */ = {
			isa = PBXGroup;
			children = (
				0A14FFAA19E2314200D11CE2 /* ParseClient.swift */,
				0A4EE3451A060F980059E6F7 /* PubNubClient.swift */,
			);
			name = Networking;
			sourceTree = "<group>";
		};
		0A0B08F119E229B60059A82C /* Models */ = {
			isa = PBXGroup;
			children = (
				0AC31AFF19EA33CB00BB815F /* DonationItem.swift */,
				0AC31AFB19E9EDA300BB815F /* DropoffLocation.swift */,
				0AD128B419E92215002E47E5 /* GoodCityUser.swift */,
				0AC31AFD19EA2F6800BB815F /* PickupScheduleSlot.swift */,
				0AC31B0119EA3F1F00BB815F /* ItemState.swift */,
				0AC31B0319EA40E700BB815F /* ItemCondition.swift */,
				0A02838A19F342B70070E374 /* DonationItemsAggregator.swift */,
				0A22810D19FDE93E008C51FD /* Address.swift */,
			);
			name = Models;
			sourceTree = "<group>";
		};
		0A0B08F219E229BC0059A82C /* Views */ = {
			isa = PBXGroup;
			children = (
				3AB3A5CB1A0F28A700B8E0BD /* Annotations */,
				3A15069519EB86B00020DF10 /* Constants.swift */,
				3A81925519F5A5E8001F2EB5 /* Cells */,
				3A81925419F5A5D9001F2EB5 /* Buttons */,
				3ABF2C9119ECF508005EF442 /* ActionButtonsView.swift */,
				0AFB6E2219F2432200E89AFC /* EditItemView.swift */,
				3A82271A19F2485900007C6C /* EditItemView.xib */,
				0A25CD6319FC9AC800390674 /* GHContextMenuView.h */,
				0A25CD6419FC9AC800390674 /* GHContextMenuView.m */,
				3A15068F19EB71AA0020DF10 /* SectionHeaderView.swift */,
				3A81925219F59AB5001F2EB5 /* SlotPickerView.swift */,
				3A93C0E819F7842E00EAF2D7 /* YASegmentedControl.swift */,
				3A050C8D19FB8C9400981C7D /* ScaleModalAnimator.swift */,
				3A0F375019FDE42F0062E965 /* EditAddressView.swift */,
			);
			name = Views;
			sourceTree = "<group>";
		};
		0A0B08F319E229C10059A82C /* Controllers */ = {
			isa = PBXGroup;
			children = (
				0A674E0A19ED0434001A5664 /* AVCamViewController.h */,
				0A674E0B19ED0434001A5664 /* AVCamViewController.m */,
				0A674E0C19ED0434001A5664 /* AVCamPreviewView.h */,
				0A674E0D19ED0434001A5664 /* AVCamPreviewView.m */,
				0A14FFB119E234DB00D11CE2 /* AVCamViewController.xib */,
				3AE42EE719E8FB8300D7A6F5 /* CartViewController.swift */,
				3AE42EE819E8FB8300D7A6F5 /* CartViewController.xib */,
				3AE42EE319E8F98500D7A6F5 /* ContainerViewController.swift */,
				3AE42EE419E8F98500D7A6F5 /* ContainerViewController.xib */,
				0A14FFA619E230E800D11CE2 /* LoginViewController.swift */,
				0A14FFA719E230E800D11CE2 /* LoginViewController.xib */,
				0A14FFBC19E2355F00D11CE2 /* MapViewController.swift */,
				0A14FFBD19E2355F00D11CE2 /* MapViewController.xib */,
				0A14FFB819E2354000D11CE2 /* SchedulePickupViewController.swift */,
				0A14FFB919E2354000D11CE2 /* SchedulePickupViewController.xib */,
				3AE42EEB19E8FBA400D7A6F5 /* HistoryViewController.swift */,
				3AE42EEC19E8FBA400D7A6F5 /* HistoryViewController.xib */,
				3A8D35F519F3587700CE3B73 /* CartViewDelegate.h */,
				3A050C8919FB6EEC00981C7D /* ProfileViewController.swift */,
				3A050C8A19FB6EEC00981C7D /* ProfileViewController.xib */,
				0A4EE34E1A0725F40059E6F7 /* UberMapViewController.swift */,
				0A4EE34F1A0725F40059E6F7 /* UberMapViewController.xib */,
			);
			name = Controllers;
			sourceTree = "<group>";
		};
		0A0B08F419E22A0F0059A82C /* Core */ = {
			isa = PBXGroup;
			children = (
				0A0B08CC19E2283F0059A82C /* AppDelegate.swift */,
				0A4EE3471A061A2A0059E6F7 /* LocationManager.swift */,
				3AB3A5C51A0B53CD00B8E0BD /* EventManager.swift */,
			);
			name = Core;
			sourceTree = "<group>";
		};
		0A0B08F519E22A3A0059A82C /* Extensions */ = {
			isa = PBXGroup;
			children = (
				3A9D64F919F21320008A64F2 /* UIViewController+Extensions.swift */,
				0A0B08F619E22AC30059A82C /* Int+Extensions.swift */,
				0A0B08F819E22AD00059A82C /* NSDate+Extensions.swift */,
				3A15069119EB81220020DF10 /* UIImageView+Extensions.swift */,
				0A4EE3431A05F6590059E6F7 /* Double+Extensions.swift */,
			);
			name = Extensions;
			sourceTree = "<group>";
		};
		0A2015C319FA140400A7CB57 /* GoodCityWidget */ = {
			isa = PBXGroup;
			children = (
				0A2015D219FA27EB00A7CB57 /* GoodCityWidget.entitlements */,
				0A2015C619FA140400A7CB57 /* TodayViewController.swift */,
				0A2015C819FA140400A7CB57 /* MainInterface.storyboard */,
				0A2015C419FA140400A7CB57 /* Supporting Files */,
			);
			path = GoodCityWidget;
			sourceTree = "<group>";
		};
		0A2015C419FA140400A7CB57 /* Supporting Files */ = {
			isa = PBXGroup;
			children = (
				0A2015C519FA140400A7CB57 /* Info.plist */,
			);
			name = "Supporting Files";
			sourceTree = "<group>";
		};
		0A4EE3491A0721910059E6F7 /* GPX */ = {
			isa = PBXGroup;
			children = (
				0A4EE34A1A0721A20059E6F7 /* MathildeToYahoo.gpx */,
				0A4EE34B1A0721A20059E6F7 /* MicrosoftToYahoo.gpx */,
				0AB960231A0F6A84003D7334 /* Yahoo.gpx */,
			);
			name = GPX;
			sourceTree = "<group>";
		};
		0AA72EE81A0B4DAD00B60612 /* Sharing */ = {
			isa = PBXGroup;
			children = (
				0AA72EE91A0B4DBA00B60612 /* SocialSharing.swift */,
			);
			name = Sharing;
			sourceTree = "<group>";
		};
		394B7266BE82DCA2C64EA8D9 /* Pods */ = {
			isa = PBXGroup;
			children = (
				75FCECAE3B3976641AA35271 /* Pods.debug.xcconfig */,
				AE0B27FD39151ABE14D2A503 /* Pods.release.xcconfig */,
			);
			name = Pods;
			sourceTree = "<group>";
		};
		3A0F374919FDA3A40062E965 /* M13ProgressSuite */ = {
			isa = PBXGroup;
			children = (
				3A0F374D19FDA3F50062E965 /* M13ProgressView.h */,
				3A0F374E19FDA3F50062E965 /* M13ProgressView.m */,
				3A0F374A19FDA3A40062E965 /* M13ProgressViewRing.h */,
				3A0F374B19FDA3A40062E965 /* M13ProgressViewRing.m */,
			);
			path = M13ProgressSuite;
			sourceTree = "<group>";
		};
		3A661F6019F768F900DEB7C1 /* Library */ = {
			isa = PBXGroup;
			children = (
				3A0F374919FDA3A40062E965 /* M13ProgressSuite */,
				3A661F6119F769B800DEB7C1 /* MMPopLabel.m */,
				3A661F6219F769B800DEB7C1 /* MMLabel.m */,
				3A661F6319F769B800DEB7C1 /* MMLabel.h */,
				3A661F6419F769B800DEB7C1 /* MMPopLabel.h */,
				3A661F6519F769B800DEB7C1 /* MMPopLabelDelegate.h */,
			);
			name = Library;
			sourceTree = "<group>";
		};
		3A81925419F5A5D9001F2EB5 /* Buttons */ = {
			isa = PBXGroup;
			children = (
				3A15069319EB85D80020DF10 /* RoundedButton.swift */,
				3A76A00D19F4D05F0036A0EC /* DatePickerButton.swift */,
				3A76A00F19F4ECB90036A0EC /* SelectableButton.swift */,
			);
			name = Buttons;
			sourceTree = "<group>";
		};
		3A81925519F5A5E8001F2EB5 /* Cells */ = {
			isa = PBXGroup;
			children = (
				3A687C7219E9104F005351B0 /* CartItemCell.swift */,
				3A8D35FE19F3683400CE3B73 /* CartItemCell.xib */,
				3A15068B19EB60BA0020DF10 /* ItemsGroupCell.swift */,
				3A15068C19EB60BA0020DF10 /* ItemsGroupCell.xib */,
			);
			name = Cells;
			sourceTree = "<group>";
		};
		3AB3A5CB1A0F28A700B8E0BD /* Annotations */ = {
			isa = PBXGroup;
			children = (
				3A1506A119EBAC910020DF10 /* DropoffAnnotation.swift */,
				3AB3A5C91A0F258F00B8E0BD /* PickupAnnotation.swift */,
				0A4EE3411A05EF070059E6F7 /* UberAnnotationView.swift */,
			);
			name = Annotations;
			sourceTree = "<group>";
		};
		3AC6CD681A05E5EF00B3EC00 /* Reviewer */ = {
			isa = PBXGroup;
			children = (
				3AC6CD6D1A05EA5B00B3EC00 /* DraggableItemImageView.swift */,
				3A9086331A05EE4D003DE201 /* ReviewItemsViewController.swift */,
				3A9086341A05EE4D003DE201 /* ReviewItemsViewController.xib */,
			);
			name = Reviewer;
			sourceTree = "<group>";
		};
		9949D72350174EE69E60CF63 /* Frameworks */ = {
			isa = PBXGroup;
			children = (
				3AE568901A0B4DFC0037149D /* EventKit.framework */,
				0AA72EEB1A0B55B500B60612 /* Social.framework */,
				3A93C0E619F77FB400EAF2D7 /* QuartzCore.framework */,
				3A1506A319EBB1940020DF10 /* CoreLocation.framework */,
				3A15069F19EBABCA0020DF10 /* MapKit.framework */,
				C88CD10F2CA444FF9DAA3D07 /* libPods.a */,
				0A2015C119FA140400A7CB57 /* NotificationCenter.framework */,
			);
			name = Frameworks;
			sourceTree = "<group>";
		};
/* End PBXGroup section */

/* Begin PBXNativeTarget section */
		0A0B08C619E2283F0059A82C /* GoodCity */ = {
			isa = PBXNativeTarget;
			buildConfigurationList = 0A0B08E619E2283F0059A82C /* Build configuration list for PBXNativeTarget "GoodCity" */;
			buildPhases = (
				EB31BEB2338643B59F6AFB3E /* Check Pods Manifest.lock */,
				0A0B08C319E2283F0059A82C /* Sources */,
				0A0B08C419E2283F0059A82C /* Frameworks */,
				0A0B08C519E2283F0059A82C /* Resources */,
				4F960382CA1D48CA92B3D912 /* Copy Pods Resources */,
				0A2015D019FA140400A7CB57 /* Embed App Extensions */,
			);
			buildRules = (
			);
			dependencies = (
				0A2015CB19FA140400A7CB57 /* PBXTargetDependency */,
			);
			name = GoodCity;
			productName = GoodCity;
			productReference = 0A0B08C719E2283F0059A82C /* GoodCity.app */;
			productType = "com.apple.product-type.application";
		};
		0A0B08DB19E2283F0059A82C /* GoodCityTests */ = {
			isa = PBXNativeTarget;
			buildConfigurationList = 0A0B08E919E2283F0059A82C /* Build configuration list for PBXNativeTarget "GoodCityTests" */;
			buildPhases = (
				0A0B08D819E2283F0059A82C /* Sources */,
				0A0B08D919E2283F0059A82C /* Frameworks */,
				0A0B08DA19E2283F0059A82C /* Resources */,
			);
			buildRules = (
			);
			dependencies = (
				0A0B08DE19E2283F0059A82C /* PBXTargetDependency */,
			);
			name = GoodCityTests;
			productName = GoodCityTests;
			productReference = 0A0B08DC19E2283F0059A82C /* GoodCityTests.xctest */;
			productType = "com.apple.product-type.bundle.unit-test";
		};
		0A2015BF19FA140400A7CB57 /* GoodCityWidget */ = {
			isa = PBXNativeTarget;
			buildConfigurationList = 0A2015CF19FA140400A7CB57 /* Build configuration list for PBXNativeTarget "GoodCityWidget" */;
			buildPhases = (
				0A2015BC19FA140400A7CB57 /* Sources */,
				0A2015BD19FA140400A7CB57 /* Frameworks */,
				0A2015BE19FA140400A7CB57 /* Resources */,
			);
			buildRules = (
			);
			dependencies = (
			);
			name = GoodCityWidget;
			productName = GoodCityWidget;
			productReference = 0A2015C019FA140400A7CB57 /* GoodCityWidget.appex */;
			productType = "com.apple.product-type.app-extension";
		};
/* End PBXNativeTarget section */

/* Begin PBXProject section */
		0A0B08BF19E2283F0059A82C /* Project object */ = {
			isa = PBXProject;
			attributes = {
				LastUpgradeCheck = 0600;
				ORGANIZATIONNAME = codepath;
				TargetAttributes = {
					0A0B08C619E2283F0059A82C = {
						CreatedOnToolsVersion = 6.0;
						DevelopmentTeam = TA5M78D3VY;
						SystemCapabilities = {
							com.apple.ApplicationGroups.iOS = {
								enabled = 1;
							};
							com.apple.BackgroundModes = {
								enabled = 1;
							};
						};
					};
					0A0B08DB19E2283F0059A82C = {
						CreatedOnToolsVersion = 6.0;
						DevelopmentTeam = TA5M78D3VY;
						TestTargetID = 0A0B08C619E2283F0059A82C;
					};
					0A2015BF19FA140400A7CB57 = {
						CreatedOnToolsVersion = 6.1;
						DevelopmentTeam = TA5M78D3VY;
						SystemCapabilities = {
							com.apple.ApplicationGroups.iOS = {
								enabled = 1;
							};
						};
					};
				};
			};
			buildConfigurationList = 0A0B08C219E2283F0059A82C /* Build configuration list for PBXProject "GoodCity" */;
			compatibilityVersion = "Xcode 3.2";
			developmentRegion = English;
			hasScannedForEncodings = 0;
			knownRegions = (
				en,
				Base,
			);
			mainGroup = 0A0B08BE19E2283F0059A82C;
			productRefGroup = 0A0B08C819E2283F0059A82C /* Products */;
			projectDirPath = "";
			projectRoot = "";
			targets = (
				0A0B08C619E2283F0059A82C /* GoodCity */,
				0A0B08DB19E2283F0059A82C /* GoodCityTests */,
				0A2015BF19FA140400A7CB57 /* GoodCityWidget */,
			);
		};
/* End PBXProject section */

/* Begin PBXResourcesBuildPhase section */
		0A0B08C519E2283F0059A82C /* Resources */ = {
			isa = PBXResourcesBuildPhase;
			buildActionMask = 2147483647;
			files = (
				0A0B08D719E2283F0059A82C /* LaunchScreen.xib in Resources */,
				3A82271B19F2485900007C6C /* EditItemView.xib in Resources */,
				3AE42EEA19E8FB8300D7A6F5 /* CartViewController.xib in Resources */,
				3A050C8C19FB6EEC00981C7D /* ProfileViewController.xib in Resources */,
				0A4EE34D1A0721A30059E6F7 /* MicrosoftToYahoo.gpx in Resources */,
				0A4EE3511A0725F40059E6F7 /* UberMapViewController.xib in Resources */,
				0A0B08D419E2283F0059A82C /* Images.xcassets in Resources */,
				0A4EE34C1A0721A30059E6F7 /* MathildeToYahoo.gpx in Resources */,
				3AE42EEE19E8FBA400D7A6F5 /* HistoryViewController.xib in Resources */,
				0A14FFBB19E2354000D11CE2 /* SchedulePickupViewController.xib in Resources */,
				3A9086361A05EE4D003DE201 /* ReviewItemsViewController.xib in Resources */,
				3A8D35FF19F3683400CE3B73 /* CartItemCell.xib in Resources */,
				0A14FFBF19E2355F00D11CE2 /* MapViewController.xib in Resources */,
				0A14FFA919E230E800D11CE2 /* LoginViewController.xib in Resources */,
				0A14FFB319E234DB00D11CE2 /* AVCamViewController.xib in Resources */,
				3A15068E19EB60BA0020DF10 /* ItemsGroupCell.xib in Resources */,
				0AB960241A0F6A84003D7334 /* Yahoo.gpx in Resources */,
				3AE42EE619E8F98500D7A6F5 /* ContainerViewController.xib in Resources */,
			);
			runOnlyForDeploymentPostprocessing = 0;
		};
		0A0B08DA19E2283F0059A82C /* Resources */ = {
			isa = PBXResourcesBuildPhase;
			buildActionMask = 2147483647;
			files = (
			);
			runOnlyForDeploymentPostprocessing = 0;
		};
		0A2015BE19FA140400A7CB57 /* Resources */ = {
			isa = PBXResourcesBuildPhase;
			buildActionMask = 2147483647;
			files = (
				0A2015C919FA140400A7CB57 /* MainInterface.storyboard in Resources */,
				0A508DB219FC556A00341499 /* Images.xcassets in Resources */,
			);
			runOnlyForDeploymentPostprocessing = 0;
		};
/* End PBXResourcesBuildPhase section */

/* Begin PBXShellScriptBuildPhase section */
		4F960382CA1D48CA92B3D912 /* Copy Pods Resources */ = {
			isa = PBXShellScriptBuildPhase;
			buildActionMask = 2147483647;
			files = (
			);
			inputPaths = (
			);
			name = "Copy Pods Resources";
			outputPaths = (
			);
			runOnlyForDeploymentPostprocessing = 0;
			shellPath = /bin/sh;
			shellScript = "\"${SRCROOT}/Pods/Target Support Files/Pods/Pods-resources.sh\"\n";
			showEnvVarsInLog = 0;
		};
		EB31BEB2338643B59F6AFB3E /* Check Pods Manifest.lock */ = {
			isa = PBXShellScriptBuildPhase;
			buildActionMask = 2147483647;
			files = (
			);
			inputPaths = (
			);
			name = "Check Pods Manifest.lock";
			outputPaths = (
			);
			runOnlyForDeploymentPostprocessing = 0;
			shellPath = /bin/sh;
			shellScript = "diff \"${PODS_ROOT}/../Podfile.lock\" \"${PODS_ROOT}/Manifest.lock\" > /dev/null\nif [[ $? != 0 ]] ; then\n    cat << EOM\nerror: The sandbox is not in sync with the Podfile.lock. Run 'pod install' or update your CocoaPods installation.\nEOM\n    exit 1\nfi\n";
			showEnvVarsInLog = 0;
		};
/* End PBXShellScriptBuildPhase section */

/* Begin PBXSourcesBuildPhase section */
		0A0B08C319E2283F0059A82C /* Sources */ = {
			isa = PBXSourcesBuildPhase;
			buildActionMask = 2147483647;
			files = (
				3A15068D19EB60BA0020DF10 /* ItemsGroupCell.swift in Sources */,
				3A76A01019F4ECB90036A0EC /* SelectableButton.swift in Sources */,
				0AD128B519E92215002E47E5 /* GoodCityUser.swift in Sources */,
				0A14FFA819E230E800D11CE2 /* LoginViewController.swift in Sources */,
				3A81925319F59AB5001F2EB5 /* SlotPickerView.swift in Sources */,
				0A4EE3461A060F980059E6F7 /* PubNubClient.swift in Sources */,
				3A15069419EB85D80020DF10 /* RoundedButton.swift in Sources */,
				3A050C8B19FB6EEC00981C7D /* ProfileViewController.swift in Sources */,
				0A4EE3421A05EF070059E6F7 /* UberAnnotationView.swift in Sources */,
				0A14FFAB19E2314200D11CE2 /* ParseClient.swift in Sources */,
				0A0B08F919E22AD00059A82C /* NSDate+Extensions.swift in Sources */,
				3AC6CD6E1A05EA5B00B3EC00 /* DraggableItemImageView.swift in Sources */,
				3AE42EED19E8FBA400D7A6F5 /* HistoryViewController.swift in Sources */,
				3A687C7419E9104F005351B0 /* CartItemCell.swift in Sources */,
				0AA72EEA1A0B4DBA00B60612 /* SocialSharing.swift in Sources */,
				3AE42EE519E8F98500D7A6F5 /* ContainerViewController.swift in Sources */,
				3AB3A5CA1A0F258F00B8E0BD /* PickupAnnotation.swift in Sources */,
				3A0F374C19FDA3A40062E965 /* M13ProgressViewRing.m in Sources */,
				0A25CD6519FC9AC800390674 /* GHContextMenuView.m in Sources */,
				0A14FFBE19E2355F00D11CE2 /* MapViewController.swift in Sources */,
				0AC31B0419EA40E700BB815F /* ItemCondition.swift in Sources */,
				0A02838B19F342B70070E374 /* DonationItemsAggregator.swift in Sources */,
				0A4EE3501A0725F40059E6F7 /* UberMapViewController.swift in Sources */,
				0AC31AFC19E9EDA300BB815F /* DropoffLocation.swift in Sources */,
				3ABF2C9219ECF508005EF442 /* ActionButtonsView.swift in Sources */,
				0A4EE3441A05F6590059E6F7 /* Double+Extensions.swift in Sources */,
				3A1506A219EBAC910020DF10 /* DropoffAnnotation.swift in Sources */,
				3A93C0E919F7842E00EAF2D7 /* YASegmentedControl.swift in Sources */,
				0A0B08F719E22AC30059A82C /* Int+Extensions.swift in Sources */,
				0AFB6E2319F2432200E89AFC /* EditItemView.swift in Sources */,
				3A76A00E19F4D05F0036A0EC /* DatePickerButton.swift in Sources */,
				3A15069219EB81220020DF10 /* UIImageView+Extensions.swift in Sources */,
				3AB3A5C61A0B53CD00B8E0BD /* EventManager.swift in Sources */,
				3A050C8E19FB8C9400981C7D /* ScaleModalAnimator.swift in Sources */,
				3A15069019EB71AA0020DF10 /* SectionHeaderView.swift in Sources */,
				0A4EE3481A061A2A0059E6F7 /* LocationManager.swift in Sources */,
				0A674E0F19ED0434001A5664 /* AVCamPreviewView.m in Sources */,
				3A15069619EB86B00020DF10 /* Constants.swift in Sources */,
				3A0F374F19FDA3F50062E965 /* M13ProgressView.m in Sources */,
				3AE42EE919E8FB8300D7A6F5 /* CartViewController.swift in Sources */,
				3A661F6619F769B800DEB7C1 /* MMPopLabel.m in Sources */,
				0AC31AFE19EA2F6800BB815F /* PickupScheduleSlot.swift in Sources */,
				0A0B08CD19E2283F0059A82C /* AppDelegate.swift in Sources */,
				0A674E0E19ED0434001A5664 /* AVCamViewController.m in Sources */,
				0A22810E19FDE93E008C51FD /* Address.swift in Sources */,
				0AC31B0019EA33CB00BB815F /* DonationItem.swift in Sources */,
				0A14FFBA19E2354000D11CE2 /* SchedulePickupViewController.swift in Sources */,
				0AC31B0219EA3F1F00BB815F /* ItemState.swift in Sources */,
				3A0F375119FDE42F0062E965 /* EditAddressView.swift in Sources */,
				3A9086351A05EE4D003DE201 /* ReviewItemsViewController.swift in Sources */,
				3A661F6719F769B800DEB7C1 /* MMLabel.m in Sources */,
				3A9D64FA19F21320008A64F2 /* UIViewController+Extensions.swift in Sources */,
			);
			runOnlyForDeploymentPostprocessing = 0;
		};
		0A0B08D819E2283F0059A82C /* Sources */ = {
			isa = PBXSourcesBuildPhase;
			buildActionMask = 2147483647;
			files = (
				0A0B08E319E2283F0059A82C /* GoodCityTests.swift in Sources */,
			);
			runOnlyForDeploymentPostprocessing = 0;
		};
		0A2015BC19FA140400A7CB57 /* Sources */ = {
			isa = PBXSourcesBuildPhase;
			buildActionMask = 2147483647;
			files = (
				3A12071019FF71DB00B1AA1E /* M13ProgressViewRing.m in Sources */,
				3A62769B1A00C81400D3F244 /* RoundedButton.swift in Sources */,
				0A2015C719FA140400A7CB57 /* TodayViewController.swift in Sources */,
				3A12070F19FF71D700B1AA1E /* M13ProgressView.m in Sources */,
				3A62769A19FF7E2400D3F244 /* Constants.swift in Sources */,
			);
			runOnlyForDeploymentPostprocessing = 0;
		};
/* End PBXSourcesBuildPhase section */

/* Begin PBXTargetDependency section */
		0A0B08DE19E2283F0059A82C /* PBXTargetDependency */ = {
			isa = PBXTargetDependency;
			target = 0A0B08C619E2283F0059A82C /* GoodCity */;
			targetProxy = 0A0B08DD19E2283F0059A82C /* PBXContainerItemProxy */;
		};
		0A2015CB19FA140400A7CB57 /* PBXTargetDependency */ = {
			isa = PBXTargetDependency;
			target = 0A2015BF19FA140400A7CB57 /* GoodCityWidget */;
			targetProxy = 0A2015CA19FA140400A7CB57 /* PBXContainerItemProxy */;
		};
/* End PBXTargetDependency section */

/* Begin PBXVariantGroup section */
		0A0B08D519E2283F0059A82C /* LaunchScreen.xib */ = {
			isa = PBXVariantGroup;
			children = (
				0A0B08D619E2283F0059A82C /* Base */,
			);
			name = LaunchScreen.xib;
			sourceTree = "<group>";
		};
/* End PBXVariantGroup section */

/* Begin XCBuildConfiguration section */
		0A0B08E419E2283F0059A82C /* Debug */ = {
			isa = XCBuildConfiguration;
			buildSettings = {
				ALWAYS_SEARCH_USER_PATHS = NO;
				CLANG_CXX_LANGUAGE_STANDARD = "gnu++0x";
				CLANG_CXX_LIBRARY = "libc++";
				CLANG_ENABLE_MODULES = YES;
				CLANG_ENABLE_OBJC_ARC = YES;
				CLANG_WARN_BOOL_CONVERSION = YES;
				CLANG_WARN_CONSTANT_CONVERSION = YES;
				CLANG_WARN_DIRECT_OBJC_ISA_USAGE = YES_ERROR;
				CLANG_WARN_EMPTY_BODY = YES;
				CLANG_WARN_ENUM_CONVERSION = YES;
				CLANG_WARN_INT_CONVERSION = YES;
				CLANG_WARN_OBJC_ROOT_CLASS = YES_ERROR;
				CLANG_WARN_UNREACHABLE_CODE = YES;
				CLANG_WARN__DUPLICATE_METHOD_MATCH = YES;
				CODE_SIGN_IDENTITY = "Apple Development IOS Push Services: com.codepath.nickai.GoodCity";
				"CODE_SIGN_IDENTITY[sdk=iphoneos*]" = "Apple Development IOS Push Services: com.codepath.nickai.GoodCity";
				COPY_PHASE_STRIP = NO;
				ENABLE_STRICT_OBJC_MSGSEND = YES;
				GCC_C_LANGUAGE_STANDARD = gnu99;
				GCC_DYNAMIC_NO_PIC = NO;
				GCC_OPTIMIZATION_LEVEL = 0;
				GCC_PREPROCESSOR_DEFINITIONS = (
					"DEBUG=1",
					"$(inherited)",
				);
				GCC_SYMBOLS_PRIVATE_EXTERN = NO;
				GCC_WARN_64_TO_32_BIT_CONVERSION = YES;
				GCC_WARN_ABOUT_RETURN_TYPE = YES_ERROR;
				GCC_WARN_UNDECLARED_SELECTOR = YES;
				GCC_WARN_UNINITIALIZED_AUTOS = YES_AGGRESSIVE;
				GCC_WARN_UNUSED_FUNCTION = YES;
				GCC_WARN_UNUSED_VARIABLE = YES;
				IPHONEOS_DEPLOYMENT_TARGET = 8.0;
				MTL_ENABLE_DEBUG_INFO = YES;
				ONLY_ACTIVE_ARCH = YES;
				SDKROOT = iphoneos;
				SWIFT_OPTIMIZATION_LEVEL = "-Onone";
			};
			name = Debug;
		};
		0A0B08E519E2283F0059A82C /* Release */ = {
			isa = XCBuildConfiguration;
			buildSettings = {
				ALWAYS_SEARCH_USER_PATHS = NO;
				CLANG_CXX_LANGUAGE_STANDARD = "gnu++0x";
				CLANG_CXX_LIBRARY = "libc++";
				CLANG_ENABLE_MODULES = YES;
				CLANG_ENABLE_OBJC_ARC = YES;
				CLANG_WARN_BOOL_CONVERSION = YES;
				CLANG_WARN_CONSTANT_CONVERSION = YES;
				CLANG_WARN_DIRECT_OBJC_ISA_USAGE = YES_ERROR;
				CLANG_WARN_EMPTY_BODY = YES;
				CLANG_WARN_ENUM_CONVERSION = YES;
				CLANG_WARN_INT_CONVERSION = YES;
				CLANG_WARN_OBJC_ROOT_CLASS = YES_ERROR;
				CLANG_WARN_UNREACHABLE_CODE = YES;
				CLANG_WARN__DUPLICATE_METHOD_MATCH = YES;
				CODE_SIGN_IDENTITY = "Apple Development IOS Push Services: com.codepath.nickai.GoodCity";
				"CODE_SIGN_IDENTITY[sdk=iphoneos*]" = "Apple Development IOS Push Services: com.codepath.nickai.GoodCity";
				COPY_PHASE_STRIP = YES;
				ENABLE_NS_ASSERTIONS = NO;
				ENABLE_STRICT_OBJC_MSGSEND = YES;
				GCC_C_LANGUAGE_STANDARD = gnu99;
				GCC_WARN_64_TO_32_BIT_CONVERSION = YES;
				GCC_WARN_ABOUT_RETURN_TYPE = YES_ERROR;
				GCC_WARN_UNDECLARED_SELECTOR = YES;
				GCC_WARN_UNINITIALIZED_AUTOS = YES_AGGRESSIVE;
				GCC_WARN_UNUSED_FUNCTION = YES;
				GCC_WARN_UNUSED_VARIABLE = YES;
				IPHONEOS_DEPLOYMENT_TARGET = 8.0;
				MTL_ENABLE_DEBUG_INFO = NO;
				ONLY_ACTIVE_ARCH = YES;
				SDKROOT = iphoneos;
				VALIDATE_PRODUCT = YES;
			};
			name = Release;
		};
		0A0B08E719E2283F0059A82C /* Debug */ = {
			isa = XCBuildConfiguration;
			baseConfigurationReference = 75FCECAE3B3976641AA35271 /* Pods.debug.xcconfig */;
			buildSettings = {
				ASSETCATALOG_COMPILER_APPICON_NAME = AppIcon;
				CLANG_ENABLE_MODULES = YES;
				CODE_SIGN_ENTITLEMENTS = GoodCity/GoodCity.entitlements;
				CODE_SIGN_IDENTITY = "iPhone Developer";
				"CODE_SIGN_IDENTITY[sdk=iphoneos*]" = "iPhone Developer";
				EMBEDDED_CONTENT_CONTAINS_SWIFT = YES;
				FRAMEWORK_SEARCH_PATHS = "$(inherited)";
				INFOPLIST_FILE = GoodCity/Info.plist;
				IPHONEOS_DEPLOYMENT_TARGET = 8.0;
				LD_RUNPATH_SEARCH_PATHS = "$(inherited) @executable_path/Frameworks";
				PRODUCT_NAME = "$(TARGET_NAME)";
				PROVISIONING_PROFILE = "";
				SWIFT_OBJC_BRIDGING_HEADER = "GoodCity/GoodCity-Bridging-Header.h";
				SWIFT_OPTIMIZATION_LEVEL = "-Onone";
			};
			name = Debug;
		};
		0A0B08E819E2283F0059A82C /* Release */ = {
			isa = XCBuildConfiguration;
			baseConfigurationReference = AE0B27FD39151ABE14D2A503 /* Pods.release.xcconfig */;
			buildSettings = {
				ASSETCATALOG_COMPILER_APPICON_NAME = AppIcon;
				CLANG_ENABLE_MODULES = YES;
				CODE_SIGN_ENTITLEMENTS = GoodCity/GoodCity.entitlements;
				CODE_SIGN_IDENTITY = "iPhone Developer";
				"CODE_SIGN_IDENTITY[sdk=iphoneos*]" = "iPhone Developer";
				EMBEDDED_CONTENT_CONTAINS_SWIFT = YES;
				FRAMEWORK_SEARCH_PATHS = "$(inherited)";
				INFOPLIST_FILE = GoodCity/Info.plist;
				IPHONEOS_DEPLOYMENT_TARGET = 8.0;
				LD_RUNPATH_SEARCH_PATHS = "$(inherited) @executable_path/Frameworks";
				PRODUCT_NAME = "$(TARGET_NAME)";
				PROVISIONING_PROFILE = "";
				SWIFT_OBJC_BRIDGING_HEADER = "GoodCity/GoodCity-Bridging-Header.h";
			};
			name = Release;
		};
		0A0B08EA19E2283F0059A82C /* Debug */ = {
			isa = XCBuildConfiguration;
			buildSettings = {
				BUNDLE_LOADER = "$(TEST_HOST)";
				CODE_SIGN_IDENTITY = "iPhone Developer";
				"CODE_SIGN_IDENTITY[sdk=iphoneos*]" = "iPhone Developer";
				FRAMEWORK_SEARCH_PATHS = (
					"$(SDKROOT)/Developer/Library/Frameworks",
					"$(inherited)",
				);
				GCC_PREPROCESSOR_DEFINITIONS = (
					"DEBUG=1",
					"$(inherited)",
				);
				INFOPLIST_FILE = GoodCityTests/Info.plist;
				LD_RUNPATH_SEARCH_PATHS = "$(inherited) @executable_path/Frameworks @loader_path/Frameworks";
				PRODUCT_NAME = "$(TARGET_NAME)";
				PROVISIONING_PROFILE = "";
				TEST_HOST = "$(BUILT_PRODUCTS_DIR)/GoodCity.app/GoodCity";
			};
			name = Debug;
		};
		0A0B08EB19E2283F0059A82C /* Release */ = {
			isa = XCBuildConfiguration;
			buildSettings = {
				BUNDLE_LOADER = "$(TEST_HOST)";
				CODE_SIGN_IDENTITY = "iPhone Developer";
				"CODE_SIGN_IDENTITY[sdk=iphoneos*]" = "iPhone Developer";
				FRAMEWORK_SEARCH_PATHS = (
					"$(SDKROOT)/Developer/Library/Frameworks",
					"$(inherited)",
				);
				INFOPLIST_FILE = GoodCityTests/Info.plist;
				LD_RUNPATH_SEARCH_PATHS = "$(inherited) @executable_path/Frameworks @loader_path/Frameworks";
				PRODUCT_NAME = "$(TARGET_NAME)";
				PROVISIONING_PROFILE = "";
				TEST_HOST = "$(BUILT_PRODUCTS_DIR)/GoodCity.app/GoodCity";
			};
			name = Release;
		};
		0A2015CD19FA140400A7CB57 /* Debug */ = {
			isa = XCBuildConfiguration;
			buildSettings = {
				ASSETCATALOG_COMPILER_APPICON_NAME = "AppIcon-2";
				ASSETCATALOG_COMPILER_LAUNCHIMAGE_NAME = LaunchImage;
				CODE_SIGN_ENTITLEMENTS = GoodCityWidget/GoodCityWidget.entitlements;
				CODE_SIGN_IDENTITY = "iPhone Developer";
				"CODE_SIGN_IDENTITY[sdk=iphoneos*]" = "iPhone Developer";
				GCC_PREPROCESSOR_DEFINITIONS = (
					"DEBUG=1",
					"$(inherited)",
				);
				INFOPLIST_FILE = GoodCityWidget/Info.plist;
				IPHONEOS_DEPLOYMENT_TARGET = 8.1;
				LD_RUNPATH_SEARCH_PATHS = "$(inherited) @executable_path/Frameworks @executable_path/../../Frameworks";
				PRODUCT_NAME = "$(TARGET_NAME)";
				PROVISIONING_PROFILE = "";
				SKIP_INSTALL = YES;
				SWIFT_OBJC_BRIDGING_HEADER = "$(SRCROOT)/GoodCity/GoodCityWidget-Bridging-Header.h";
			};
			name = Debug;
		};
		0A2015CE19FA140400A7CB57 /* Release */ = {
			isa = XCBuildConfiguration;
			buildSettings = {
				ASSETCATALOG_COMPILER_APPICON_NAME = "AppIcon-2";
				ASSETCATALOG_COMPILER_LAUNCHIMAGE_NAME = LaunchImage;
				CODE_SIGN_ENTITLEMENTS = GoodCityWidget/GoodCityWidget.entitlements;
				CODE_SIGN_IDENTITY = "iPhone Developer";
				"CODE_SIGN_IDENTITY[sdk=iphoneos*]" = "iPhone Developer";
				INFOPLIST_FILE = GoodCityWidget/Info.plist;
				IPHONEOS_DEPLOYMENT_TARGET = 8.1;
				LD_RUNPATH_SEARCH_PATHS = "$(inherited) @executable_path/Frameworks @executable_path/../../Frameworks";
				PRODUCT_NAME = "$(TARGET_NAME)";
				PROVISIONING_PROFILE = "";
				SKIP_INSTALL = YES;
				SWIFT_OBJC_BRIDGING_HEADER = "$(SRCROOT)/GoodCity/GoodCityWidget-Bridging-Header.h";
			};
			name = Release;
		};
/* End XCBuildConfiguration section */

/* Begin XCConfigurationList section */
		0A0B08C219E2283F0059A82C /* Build configuration list for PBXProject "GoodCity" */ = {
			isa = XCConfigurationList;
			buildConfigurations = (
				0A0B08E419E2283F0059A82C /* Debug */,
				0A0B08E519E2283F0059A82C /* Release */,
			);
			defaultConfigurationIsVisible = 0;
			defaultConfigurationName = Release;
		};
		0A0B08E619E2283F0059A82C /* Build configuration list for PBXNativeTarget "GoodCity" */ = {
			isa = XCConfigurationList;
			buildConfigurations = (
				0A0B08E719E2283F0059A82C /* Debug */,
				0A0B08E819E2283F0059A82C /* Release */,
			);
			defaultConfigurationIsVisible = 0;
			defaultConfigurationName = Release;
		};
		0A0B08E919E2283F0059A82C /* Build configuration list for PBXNativeTarget "GoodCityTests" */ = {
			isa = XCConfigurationList;
			buildConfigurations = (
				0A0B08EA19E2283F0059A82C /* Debug */,
				0A0B08EB19E2283F0059A82C /* Release */,
			);
			defaultConfigurationIsVisible = 0;
			defaultConfigurationName = Release;
		};
		0A2015CF19FA140400A7CB57 /* Build configuration list for PBXNativeTarget "GoodCityWidget" */ = {
			isa = XCConfigurationList;
			buildConfigurations = (
				0A2015CD19FA140400A7CB57 /* Debug */,
				0A2015CE19FA140400A7CB57 /* Release */,
			);
			defaultConfigurationIsVisible = 0;
			defaultConfigurationName = Release;
		};
/* End XCConfigurationList section */
	};
	rootObject = 0A0B08BF19E2283F0059A82C /* Project object */;
}
