PODS:
  - AFNetworking (2.4.1):
    - AFNetworking/NSURLConnection
    - AFNetworking/NSURLSession
    - AFNetworking/Reachability
    - AFNetworking/Security
    - AFNetworking/Serialization
    - AFNetworking/UIKit
  - AFNetworking/NSURLConnection (2.4.1):
    - AFNetworking/Reachability
    - AFNetworking/Security
    - AFNetworking/Serialization
  - AFNetworking/NSURLSession (2.4.1):
    - AFNetworking/Reachability
    - AFNetworking/Security
    - AFNetworking/Serialization
  - AFNetworking/Reachability (2.4.1)
  - AFNetworking/Security (2.4.1)
  - AFNetworking/Serialization (2.4.1)
  - AFNetworking/UIKit (2.4.1):
    - AFNetworking/NSURLConnection
    - AFNetworking/NSURLSession
  - Bolts (1.1.3)
  - Facebook-iOS-SDK (3.19.0):
    - Bolts (~> 1.0)
  - MDCalendar (1.0.0)
  - Parse (1.4.2):
    - Bolts (~> 1.1.3)
  - ParseFacebookUtils (1.4.2):
    - Facebook-iOS-SDK (~> 3.19.0)
    - Parse (~> 1.4.2)
  - PubNub (3.6.1)
  - SIAlertView (1.3)
  - Toast (2.4)

DEPENDENCIES:
  - AFNetworking
  - Facebook-iOS-SDK
  - MDCalendar
  - Parse
  - ParseFacebookUtils
  - PubNub (= 3.6.1)
  - SIAlertView
  - Toast

SPEC CHECKSUMS:
  AFNetworking: 0aabc6fae66d6e5d039eeb21c315843c7aae51ab
  Bolts: 3db0a875235e0c9042b013af13af0f00f79b102c
  Facebook-iOS-SDK: cb7d74759d0b1ba546e6e6f1dde407b0d4e448d6
  MDCalendar: 376c638030df065503b37402b1351b4da868ed9f
  Parse: fc9ceb6edbc6bb6a1a1f3c33f0db3293a6894f94
  ParseFacebookUtils: 15b04623e6bf4bbea5d60460caff98943ad7351e
  PubNub: 7dfc5d20f1419aa60ef66b267b34e80ffbc4d517
  SIAlertView: d00609a1faa9d82f17b9f0b4eede64e84a577b10
  Toast: 6a3c2b1d70e426b26d130971c369670eac7aa9ce

COCOAPODS: 0.34.4
